<?xml version="1.0" encoding="utf-8"?>
<Project ToolsVersion="4.0" xmlns="http://schemas.microsoft.com/developer/msbuild/2003">
  <ItemGroup>
    <Filter Include="Common">
      <UniqueIdentifier>e2fe7aae-0207-4bfe-a81b-e41862e434f9</UniqueIdentifier>
    </Filter>
    <Filter Include="Assets">
      <UniqueIdentifier>309adb40-099d-4b98-bb24-d27e15e9acb9</UniqueIdentifier>
      <Extensions>ico;cur;bmp;dds;dlg;fbx;rct;bin;rgs;gif;jpg;jpeg;jpe;resx;tga;tiff;tif;png;wav;mfcribbon-ms</Extensions>
    </Filter>
    <Filter Include="Managers">
      <UniqueIdentifier>{9d78f618-12d0-4201-9f8e-b49bc1c1c6f4}</UniqueIdentifier>
    </Filter>
    <Filter Include="Bases">
      <UniqueIdentifier>{9634a7ad-b5e6-4f67-bb6e-a2d68206897b}</UniqueIdentifier>
    </Filter>
    <Filter Include="Scenes">
      <UniqueIdentifier>{39c3a0be-d17d-4e5e-ab58-a04ba047e501}</UniqueIdentifier>
    </Filter>
    <Filter Include="Scenes\SampleSceneSec">
      <UniqueIdentifier>{84175788-592d-49d8-ad38-b2cdba7fa9b2}</UniqueIdentifier>
    </Filter>
    <Filter Include="Debug">
      <UniqueIdentifier>{ebdb2020-a818-4c65-84df-ebbd4f20d7fa}</UniqueIdentifier>
    </Filter>
    <Filter Include="Interfaces">
      <UniqueIdentifier>{882c46c9-da3a-418d-aee7-9a339c885d35}</UniqueIdentifier>
    </Filter>
    <Filter Include="ResourceClasses">
      <UniqueIdentifier>{d3aad5db-3492-430b-8bc1-74073d5a3307}</UniqueIdentifier>
    </Filter>
    <Filter Include="Animation">
      <UniqueIdentifier>{68175b58-4367-47f3-a110-967033ea3c9a}</UniqueIdentifier>
    </Filter>
    <Filter Include="Components">
      <UniqueIdentifier>{40a286c3-ab8c-44c8-86b6-41347a9ce71c}</UniqueIdentifier>
    </Filter>
    <Filter Include="Shaders">
      <UniqueIdentifier>{9c0187e2-1f42-486f-a75e-f830a3d8dcee}</UniqueIdentifier>
    </Filter>
    <Filter Include="Main">
      <UniqueIdentifier>{a773641b-5933-4b43-be78-38a5216b1c4f}</UniqueIdentifier>
    </Filter>
    <Filter Include="Scenes\MainScene">
      <UniqueIdentifier>{141a2f69-747a-4910-8689-58a8948372fe}</UniqueIdentifier>
    </Filter>
  </ItemGroup>
  <ItemGroup>
    <ClInclude Include="pch.h" />
    <ClInclude Include="DX\StepTimer.h">
      <Filter>Common</Filter>
    </ClInclude>
    <ClInclude Include="DX\DeviceResources.h">
      <Filter>Common</Filter>
    </ClInclude>
    <ClInclude Include="CCC\Managers\SceneManager.h">
      <Filter>Managers</Filter>
    </ClInclude>
    <ClInclude Include="CCC\Scenes\SceneBase.h">
      <Filter>Bases</Filter>
    </ClInclude>
    <ClInclude Include="CCC\Scenes\MainScene.h">
      <Filter>Scenes\MainScene</Filter>
    </ClInclude>
    <ClInclude Include="CCC\Scenes\SampleSceneSec.h">
      <Filter>Scenes\SampleSceneSec</Filter>
    </ClInclude>
    <ClInclude Include="CCC\Debug\DebugFont.h">
      <Filter>Debug</Filter>
    </ClInclude>
    <ClInclude Include="CCC\Interfaces\IScene.h">
      <Filter>Interfaces</Filter>
    </ClInclude>
    <ClInclude Include="CCC\Managers\ResourceManager.h">
      <Filter>Managers</Filter>
    </ClInclude>
    <ClInclude Include="CCC\Debug\DebugCamera.h">
      <Filter>Debug</Filter>
    </ClInclude>
    <ClInclude Include="CCC\ResourceClasses\TextureResource.h">
      <Filter>ResourceClasses</Filter>
    </ClInclude>
    <ClInclude Include="CCC\ResourceClasses\ResourceBase.h">
      <Filter>ResourceClasses</Filter>
    </ClInclude>
    <ClInclude Include="CCC\ResourceClasses\ModelResource.h">
      <Filter>ResourceClasses</Filter>
    </ClInclude>
    <ClInclude Include="CCC\Interfaces\IResource.h">
      <Filter>Interfaces</Filter>
    </ClInclude>
    <ClInclude Include="CCC\Interfaces\IObject.h">
      <Filter>Interfaces</Filter>
    </ClInclude>
    <ClInclude Include="CCC\Objects\MainScene\MainCamera\MainCamera.h">
      <Filter>Scenes\MainScene</Filter>
    </ClInclude>
    <ClInclude Include="CCC\ResourceClasses\ModelWithBoneResource.h">
      <Filter>ResourceClasses</Filter>
    </ClInclude>
    <ClInclude Include="CCC\ResourceClasses\AnimationResource.h">
      <Filter>ResourceClasses</Filter>
    </ClInclude>
    <ClInclude Include="CCC\Animation\AnimationPlayer.h">
      <Filter>Animation</Filter>
    </ClInclude>
    <ClInclude Include="CCC\Animation\AnimationStateBace.h">
      <Filter>Animation</Filter>
    </ClInclude>
    <ClInclude Include="CCC\Objects\MainScene\Floor.h">
      <Filter>Scenes\MainScene</Filter>
    </ClInclude>
    <ClInclude Include="CCC\Managers\ObjectManager.h">
      <Filter>Managers</Filter>
    </ClInclude>
    <ClInclude Include="CCC\Managers\InputManager.h">
      <Filter>Managers</Filter>
    </ClInclude>
    <ClInclude Include="CCC\Managers\ComponentManager.h">
      <Filter>Managers</Filter>
    </ClInclude>
    <ClInclude Include="CCC\Managers\CameraManager.h">
      <Filter>Managers</Filter>
    </ClInclude>
    <ClInclude Include="CCC\Components\ComponentBase.h">
      <Filter>Bases</Filter>
    </ClInclude>
    <ClInclude Include="CCC\Components\UpdataComponentBase.h">
      <Filter>Bases</Filter>
    </ClInclude>
    <ClInclude Include="CCC\Objects\ObjectBase.h">
      <Filter>Bases</Filter>
    </ClInclude>
    <ClInclude Include="CCC\Interfaces\IUpdataComponent.h">
      <Filter>Interfaces</Filter>
    </ClInclude>
    <ClInclude Include="CCC\Interfaces\IComponent.h">
      <Filter>Interfaces</Filter>
    </ClInclude>
    <ClInclude Include="CCC\Components\Camera.h">
      <Filter>Components</Filter>
    </ClInclude>
    <ClInclude Include="CCC\Components\Transform.h">
      <Filter>Components</Filter>
    </ClInclude>
    <ClInclude Include="CCC\Managers\RandomManager.h">
      <Filter>Managers</Filter>
    </ClInclude>
    <ClInclude Include="CCC\Common\Easings.h">
      <Filter>Common</Filter>
    </ClInclude>
    <ClInclude Include="Main\Game.h">
      <Filter>Main</Filter>
    </ClInclude>
    <ClInclude Include="CCC\Objects\MainScene\Pawn\Pawn.h">
      <Filter>Scenes\MainScene</Filter>
    </ClInclude>
    <ClInclude Include="CCC\Objects\MainScene\Pawn\States\PawnAttack.h">
      <Filter>Scenes\MainScene</Filter>
    </ClInclude>
    <ClInclude Include="CCC\Objects\PawnBase.h">
      <Filter>Scenes\MainScene</Filter>
    </ClInclude>
    <ClInclude Include="CCC\Objects\MainScene\Pawn\States\PawnIdle.h">
      <Filter>Scenes\MainScene</Filter>
    </ClInclude>
    <ClInclude Include="CCC\Objects\MainScene\PawnLeader\PawnLeader.h">
      <Filter>Scenes\MainScene</Filter>
    </ClInclude>
    <ClInclude Include="CCC\Objects\MainScene\PawnLeader\PawnLeaderParameter.h">
      <Filter>Scenes\MainScene</Filter>
    </ClInclude>
    <ClInclude Include="CCC\Objects\MainScene\Pawn\States\PawnMove.h">
      <Filter>Scenes\MainScene</Filter>
    </ClInclude>
    <ClInclude Include="CCC\Objects\MainScene\Pawn\PawnParameter.h">
      <Filter>Scenes\MainScene</Filter>
    </ClInclude>
    <ClInclude Include="CCC\Objects\MainScene\Pawn\States\PawnState.h">
      <Filter>Scenes\MainScene</Filter>
    </ClInclude>
    <ClInclude Include="CCC\ResourceClasses\VertexShaderResource.h">
      <Filter>ResourceClasses</Filter>
    </ClInclude>
    <ClInclude Include="CCC\ResourceClasses\PixelShaderResource.h">
      <Filter>ResourceClasses</Filter>
    </ClInclude>
    <ClInclude Include="CCC\ResourceClasses\GeometryShaderResource.h">
      <Filter>ResourceClasses</Filter>
    </ClInclude>
    <ClInclude Include="CCC\Objects\MainScene\UI\StabilityUI.h">
      <Filter>Scenes\MainScene</Filter>
    </ClInclude>
    <ClInclude Include="CCC\Objects\MainScene\UI\SkillGaugeUI.h">
      <Filter>Scenes\MainScene</Filter>
    </ClInclude>
    <ClInclude Include="CCC\Objects\SkyDome.h">
      <Filter>Scenes\MainScene</Filter>
    </ClInclude>
    <ClInclude Include="CCC\DX\ReadData.h">
      <Filter>Common</Filter>
    </ClInclude>
    <ClInclude Include="CCC\Objects\MainScene\MainCamera\MainCameraParameter.h">
      <Filter>Scenes\MainScene</Filter>
    </ClInclude>
    <ClInclude Include="Main\DisplayInfo.h">
      <Filter>Main</Filter>
    </ClInclude>
    <ClInclude Include="CCC\Interfaces\IState.h">
      <Filter>Interfaces</Filter>
    </ClInclude>
    <ClInclude Include="CCC\Objects\MainScene\EnemyPawnLeader\EnemyPawnLeader.h" />
    <ClInclude Include="CCC\Objects\MainScene\EnemyPawnLeader\EnemyPawnLeaderParameter.h" />
    <ClInclude Include="CCC\Objects\PawnCollider.h" />
    <ClInclude Include="CCC\Objects\TeamID.h" />
    <ClInclude Include="CCC\Objects\PawnManager.h" />
    <ClInclude Include="CCC\Messenger\MessengerHub.h" />
    <ClInclude Include="CCC\Messenger\MessageType.h" />
    <ClInclude Include="CCC\Objects\MainScene\Pawn\States\PawnKnockback.h" />
    <ClInclude Include="CCC\Objects\MainScene\Pawn\States\PawnStandUp.h" />
    <ClInclude Include="CCC\Scenes\TitleScene.h" />
    <ClInclude Include="CCC\Objects\ButtomUIBase.h" />
    <ClInclude Include="CCC\Scenes\ResultScene.h" />
    <ClInclude Include="DX\ReadData.h" />
    <ClInclude Include="CCC\Objects\TextureRenderer.h" />
    <ClInclude Include="CCC\Managers\GameContextManager.h" />
    <ClInclude Include="CCC\Interfaces\INode.h" />
    <ClInclude Include="CCC\Interfaces\IBlackboard.h" />
    <ClInclude Include="CCC\BehaviorTree\Bases\CompositeNodeBase.h" />
    <ClInclude Include="CCC\BehaviorTree\Bases\DecoratorNodeBase.h" />
    <ClInclude Include="CCC\BehaviorTree\Composites\SelectorNode.h" />
    <ClInclude Include="CCC\BehaviorTree\Composites\SequenceNode.h" />
    <ClInclude Include="CCC\BehaviorTree\EnemyPawnLeaderBT\Tasks\CalculateDistanceToTargetTask.h" />
    <ClInclude Include="CCC\BehaviorTree\EnemyPawnLeaderBT\EnemyPawnLeaderBlackboard.h" />
    <ClInclude Include="CCC\Objects\MainScene\EnemyPawnLeader\EnemyPawnLeaderStates.h" />
    <ClInclude Include="CCC\BehaviorTree\EnemyPawnLeaderBT\Tasks\RequestChangeStateTask.h" />
    <ClInclude Include="CCC\BehaviorTree\EnemyPawnLeaderBT\Decorators\IfInDistance.h" />
    <ClInclude Include="CCC\BehaviorTree\EnemyPawnLeaderBT\Decorators\IfOutDistance.h" />
    <ClInclude Include="CCC\BehaviorTree\EnemyPawnLeaderBT\Tasks\ChengeToWait.h" />
    <ClInclude Include="CCC\BehaviorTree\EnemyPawnLeaderBT\Tasks\ChangeToChase.h" />
    <ClInclude Include="CCC\Objects\MainScene\EnemyPawnLeader\EnemyPawnLeaderBT.h" />
    <ClInclude Include="CCC\BehaviorTree\EnemyPawnLeaderBT\Tasks\IfInAttackDistance.h" />
    <ClInclude Include="CCC\BehaviorTree\EnemyPawnLeaderBT\Tasks\CanAttack.h" />
    <ClInclude Include="CCC\BehaviorTree\EnemyPawnLeaderBT\Decorators\IfBeNotAttaking.h" />
    <ClInclude Include="CCC\BehaviorTree\EnemyPawnLeaderBT\Tasks\ChangeToAttack.h" />
    <ClInclude Include="CCC\Objects\MainScene\Pawn\States\PawnDeath.h" />
    <ClInclude Include="CCC\Managers\AudioManager.h" />
    <ClInclude Include="CCC\ResourceClasses\SoundEffectResource.h" />
    <ClInclude Include="CCC\Objects\MainScene\Pawn\States\PawnBlock.h" />
    <ClInclude Include="CCC\Objects\MainScene\Map.h" />
  </ItemGroup>
  <ItemGroup>
    <ClCompile Include="pch.cpp" />
    <ClCompile Include="DX\DeviceResources.cpp">
      <Filter>Common</Filter>
    </ClCompile>
    <ClCompile Include="CCC\Managers\SceneManager.cpp">
      <Filter>Managers</Filter>
    </ClCompile>
    <ClCompile Include="CCC\Scenes\SceneBase.cpp">
      <Filter>Bases</Filter>
    </ClCompile>
    <ClCompile Include="CCC\Scenes\MainScene.cpp">
      <Filter>Scenes\MainScene</Filter>
    </ClCompile>
    <ClCompile Include="CCC\Scenes\SampleSceneSec.cpp">
      <Filter>Scenes\SampleSceneSec</Filter>
    </ClCompile>
    <ClCompile Include="CCC\Debug\DebugFont.cpp">
      <Filter>Debug</Filter>
    </ClCompile>
    <ClCompile Include="CCC\Managers\ResourceManager.cpp">
      <Filter>Managers</Filter>
    </ClCompile>
    <ClCompile Include="CCC\Debug\DebugCamera.cpp">
      <Filter>Debug</Filter>
    </ClCompile>
    <ClCompile Include="CCC\ResourceClasses\ResourceBase.cpp">
      <Filter>ResourceClasses</Filter>
    </ClCompile>
    <ClCompile Include="CCC\ResourceClasses\TextureResource.cpp">
      <Filter>ResourceClasses</Filter>
    </ClCompile>
    <ClCompile Include="CCC\ResourceClasses\ModelResource.cpp">
      <Filter>ResourceClasses</Filter>
    </ClCompile>
    <ClCompile Include="CCC\Objects\MainScene\MainCamera\MainCamera.cpp">
      <Filter>Scenes\MainScene</Filter>
    </ClCompile>
    <ClCompile Include="CCC\ResourceClasses\ModelWithBoneResource.cpp">
      <Filter>ResourceClasses</Filter>
    </ClCompile>
    <ClCompile Include="CCC\ResourceClasses\AnimationResource.cpp">
      <Filter>ResourceClasses</Filter>
    </ClCompile>
    <ClCompile Include="CCC\Animation\AnimationPlayer.cpp">
      <Filter>Animation</Filter>
    </ClCompile>
    <ClCompile Include="CCC\Animation\AnimationStateBace.cpp">
      <Filter>Animation</Filter>
    </ClCompile>
    <ClCompile Include="CCC\Objects\MainScene\Floor.cpp">
      <Filter>Scenes\MainScene</Filter>
    </ClCompile>
    <ClCompile Include="CCC\Managers\ObjectManager.cpp">
      <Filter>Managers</Filter>
    </ClCompile>
    <ClCompile Include="CCC\Managers\InputManager.cpp">
      <Filter>Managers</Filter>
    </ClCompile>
    <ClCompile Include="CCC\Managers\ComponentManager.cpp">
      <Filter>Managers</Filter>
    </ClCompile>
    <ClCompile Include="CCC\Managers\CameraManager.cpp">
      <Filter>Managers</Filter>
    </ClCompile>
    <ClCompile Include="CCC\Components\ComponentBase.cpp">
      <Filter>Bases</Filter>
    </ClCompile>
    <ClCompile Include="CCC\Components\UpdataComponentBase.cpp">
      <Filter>Bases</Filter>
    </ClCompile>
    <ClCompile Include="CCC\Objects\ObjectBase.cpp">
      <Filter>Bases</Filter>
    </ClCompile>
    <ClCompile Include="CCC\Components\Camera.cpp">
      <Filter>Components</Filter>
    </ClCompile>
    <ClCompile Include="CCC\Components\Transform.cpp">
      <Filter>Components</Filter>
    </ClCompile>
    <ClCompile Include="CCC\Managers\RandomManager.cpp">
      <Filter>Managers</Filter>
    </ClCompile>
    <ClCompile Include="Main\Game.cpp">
      <Filter>Main</Filter>
    </ClCompile>
    <ClCompile Include="CCC\Objects\MainScene\Pawn\Pawn.cpp">
      <Filter>Scenes\MainScene</Filter>
    </ClCompile>
    <ClCompile Include="CCC\Objects\MainScene\Pawn\States\PawnAttack.cpp">
      <Filter>Scenes\MainScene</Filter>
    </ClCompile>
    <ClCompile Include="CCC\Objects\PawnBase.cpp">
      <Filter>Scenes\MainScene</Filter>
    </ClCompile>
    <ClCompile Include="CCC\Objects\MainScene\Pawn\States\PawnIdle.cpp">
      <Filter>Scenes\MainScene</Filter>
    </ClCompile>
    <ClCompile Include="CCC\Objects\MainScene\PawnLeader\PawnLeader.cpp">
      <Filter>Scenes\MainScene</Filter>
    </ClCompile>
    <ClCompile Include="CCC\Objects\MainScene\Pawn\States\PawnMove.cpp">
      <Filter>Scenes\MainScene</Filter>
    </ClCompile>
    <ClCompile Include="CCC\Objects\MainScene\Pawn\States\PawnState.cpp">
      <Filter>Scenes\MainScene</Filter>
    </ClCompile>
    <ClCompile Include="CCC\ResourceClasses\VertexShaderResource.cpp">
      <Filter>ResourceClasses</Filter>
    </ClCompile>
    <ClCompile Include="CCC\ResourceClasses\PixelShaderResource.cpp">
      <Filter>ResourceClasses</Filter>
    </ClCompile>
    <ClCompile Include="CCC\ResourceClasses\GeometryShaderResource.cpp">
      <Filter>ResourceClasses</Filter>
    </ClCompile>
    <ClCompile Include="CCC\Objects\MainScene\UI\SkillGaugeUI.cpp">
      <Filter>Scenes\MainScene</Filter>
    </ClCompile>
    <ClCompile Include="CCC\Objects\SkyDome.cpp">
      <Filter>Scenes\MainScene</Filter>
    </ClCompile>
    <ClCompile Include="CCC\Objects\MainScene\UI\StabilityUI.cpp">
      <Filter>Scenes\MainScene</Filter>
    </ClCompile>
    <ClCompile Include="Main\Main.cpp">
      <Filter>Main</Filter>
    </ClCompile>
    <ClCompile Include="CCC\Objects\MainScene\EnemyPawnLeader\EnemyPawnLeader.cpp" />
    <ClCompile Include="CCC\Objects\PawnCollider.cpp" />
    <ClCompile Include="CCC\Objects\PawnManager.cpp" />
    <ClCompile Include="CCC\Messenger\MessengerHub.cpp" />
    <ClCompile Include="CCC\Objects\MainScene\Pawn\States\PawnKnockback.cpp" />
    <ClCompile Include="CCC\Objects\MainScene\Pawn\States\PawnStandUp.cpp" />
    <ClCompile Include="CCC\Scenes\TitleScene.cpp" />
    <ClCompile Include="CCC\Objects\ButtomUIBase.cpp" />
    <ClCompile Include="CCC\Scenes\ResultScene.cpp" />
    <ClCompile Include="CCC\Objects\TextureRenderer.cpp" />
    <ClCompile Include="CCC\Managers\GameContextManager.cpp" />
    <ClCompile Include="CCC\Objects\MainScene\EnemyPawnLeader\EnemyPawnLeaderBT.cpp" />
    <ClCompile Include="CCC\Objects\MainScene\Pawn\States\PawnDeath.cpp" />
    <ClCompile Include="CCC\Managers\AudioManager.cpp" />
    <ClCompile Include="CCC\ResourceClasses\SoundEffectResource.cpp" />
    <ClCompile Include="CCC\Objects\MainScene\Pawn\States\PawnBlock.cpp" />
    <ClCompile Include="CCC\Objects\MainScene\Map.cpp" />
  </ItemGroup>
  <ItemGroup>
    <ResourceCompile Include="resource.rc" />
  </ItemGroup>
  <ItemGroup>
    <Image Include="directx.ico">
      <Filter>Assets</Filter>
    </Image>
  </ItemGroup>
  <ItemGroup>
    <Manifest Include="settings.manifest">
      <Filter>Assets</Filter>
    </Manifest>
  </ItemGroup>
  <ItemGroup>
    <None Include="packages.config" />
    <None Include="Shaders\Common.hlsli">
      <Filter>Shaders</Filter>
    </None>
    <None Include="Utility\ClassDiagram.cd" />
  </ItemGroup>
  <ItemGroup>
    <FxCompile Include="Shaders\DefaultVS.hlsl">
      <Filter>Shaders</Filter>
    </FxCompile>
    <FxCompile Include="Shaders\DisplayGS.hlsl">
      <Filter>Shaders</Filter>
    </FxCompile>
    <FxCompile Include="Shaders\GaugePS.hlsl">
      <Filter>Shaders</Filter>
    </FxCompile>
    <FxCompile Include="Shaders\WarningPS.hlsl">
      <Filter>Shaders</Filter>
    </FxCompile>
    <FxCompile Include="Shaders\DefaultPS.hlsl" />
  </ItemGroup>
</Project>